<Project xmlns="http://schemas.microsoft.com/developer/msbuild/2003">
    <PropertyGroup>
        <ProjectGuid>{841A2EB9-5886-4032-B1FD-034CAD5D7B05}</ProjectGuid>
        <ProjectVersion>18.2</ProjectVersion>
        <FrameworkType>VCL</FrameworkType>
        <MainSource>Project1.dpr</MainSource>
        <Base>True</Base>
        <Config Condition="'$(Config)'==''">Debug</Config>
        <Platform Condition="'$(Platform)'==''">Win32</Platform>
        <TargetedPlatforms>1</TargetedPlatforms>
        <AppType>Application</AppType>
    </PropertyGroup>
    <PropertyGroup Condition="'$(Config)'=='Base' or '$(Base)'!=''">
        <Base>true</Base>
    </PropertyGroup>
    <PropertyGroup Condition="('$(Platform)'=='Win32' and '$(Base)'=='true') or '$(Base_Win32)'!=''">
        <Base_Win32>true</Base_Win32>
        <CfgParent>Base</CfgParent>
        <Base>true</Base>
    </PropertyGroup>
    <PropertyGroup Condition="('$(Platform)'=='Win64' and '$(Base)'=='true') or '$(Base_Win64)'!=''">
        <Base_Win64>true</Base_Win64>
        <CfgParent>Base</CfgParent>
        <Base>true</Base>
    </PropertyGroup>
    <PropertyGroup Condition="'$(Config)'=='Debug' or '$(Cfg_1)'!=''">
        <Cfg_1>true</Cfg_1>
        <CfgParent>Base</CfgParent>
        <Base>true</Base>
    </PropertyGroup>
    <PropertyGroup Condition="('$(Platform)'=='Win32' and '$(Cfg_1)'=='true') or '$(Cfg_1_Win32)'!=''">
        <Cfg_1_Win32>true</Cfg_1_Win32>
        <CfgParent>Cfg_1</CfgParent>
        <Cfg_1>true</Cfg_1>
        <Base>true</Base>
    </PropertyGroup>
    <PropertyGroup Condition="'$(Config)'=='Release' or '$(Cfg_2)'!=''">
        <Cfg_2>true</Cfg_2>
        <CfgParent>Base</CfgParent>
        <Base>true</Base>
    </PropertyGroup>
    <PropertyGroup Condition="('$(Platform)'=='Win32' and '$(Cfg_2)'=='true') or '$(Cfg_2_Win32)'!=''">
        <Cfg_2_Win32>true</Cfg_2_Win32>
        <CfgParent>Cfg_2</CfgParent>
        <Cfg_2>true</Cfg_2>
        <Base>true</Base>
    </PropertyGroup>
    <PropertyGroup Condition="'$(Base)'!=''">
        <SanitizedProjectName>Project1</SanitizedProjectName>
        <UWP_DelphiLogo150>$(BDS)\bin\Artwork\Windows\UWP\delphi_UwpDefault_150.png</UWP_DelphiLogo150>
        <DCC_Namespace>System;Xml;Data;Datasnap;Web;Soap;Vcl;Vcl.Imaging;Vcl.Touch;Vcl.Samples;Vcl.Shell;$(DCC_Namespace)</DCC_Namespace>
        <Icon_MainIcon>$(BDS)\bin\delphi_PROJECTICON.ico</Icon_MainIcon>
        <UWP_DelphiLogo44>$(BDS)\bin\Artwork\Windows\UWP\delphi_UwpDefault_44.png</UWP_DelphiLogo44>
        <DCC_E>false</DCC_E>
        <DCC_N>false</DCC_N>
        <DCC_S>false</DCC_S>
        <DCC_F>false</DCC_F>
        <DCC_K>false</DCC_K>
    </PropertyGroup>
    <PropertyGroup Condition="'$(Base_Win32)'!=''">
        <Manifest_File>$(BDS)\bin\default_app.manifest</Manifest_File>
        <VerInfo_IncludeVerInfo>true</VerInfo_IncludeVerInfo>
        <VerInfo_Locale>1033</VerInfo_Locale>
        <DCC_Namespace>Winapi;System.Win;Data.Win;Datasnap.Win;Web.Win;Soap.Win;Xml.Win;Bde;$(DCC_Namespace)</DCC_Namespace>
        <DCC_UsePackage>DBXSqliteDriver;fmxase;dxFlowChartAdvancedCustomizeFormRS24;DBXDb2Driver;vquery240;dxPSdxGaugeControlLnkRS24;vclactnband;dxSpreadSheetRS24;vclFireDAC;RichViewActionsD10_1;dxDockingRS24;tethering;lmdrtplugin;dxBarExtItemsRS24;FireDACADSDriver;dxFireDACServerModeRS24;OrpheusDR;QImport3RT_D24;FireDACMSSQLDriver;vcltouch;vcldb;lmdrtchartdb;svn;Intraweb;asDropDownForm;NxDBGrid6Dsgn_d10_1;dacfmx240;dxADOServerModeRS24;dxGDIPlusRS24;RVCleverComponentsOldD10_1;lmdrtdialog;frx24;vclib;lmdrttools;dxPSdxDBTVLnkRS24;crcontrols240;lmdrtrtf;FireDACDBXDriver;tmsexdXE10;NxDBGrid6Run_d10_1;vclx;lmdrtelpro;NxGrid6Dsgn_d10_1;lmdrtthemes;lmdrtide;dxNavBarRS24;cxTreeListRS24;dxtrmdRS24;dxRichEditControlCoreRS24;PKIECtrl24;RESTBackendComponents;NxInspectorDsgn_xe2;bsfd101Berlin;dxRibbonRS24;VCLRESTComponents;cxExportRS24;cxTreeListdxBarPopupMenuRS24;cxPivotGridChartRS24;RvHtmlD10_1;dxTabbedMDIRS24;vclie;hclcore_xe101;bindengine;CloudService;htmlcomp_xe101;dxADOEMFRS24;FireDACMySQLDriver;RVHunSpellPkgD10_1;cxPivotGridOLAPRS24;DataSnapClient;dxPSLnksRS24;bindcompdbx;GR32_D;DBXSybaseASEDriver;IndyIPServer;lmdrttoolsdb;IndySystem;dxCoreRS24;tmsxlsdXE10;dsnapcon;dklang240;VirtualTreesR;dxEMFRS24;FireDACMSAccDriver;fmxFireDAC;FireDACInfxDriver;vclimg;lmdrtchart;dclAbsDBd24;lmdrttxt;emshosting;NxCommonDsgn_xe2;pkgAutoEdit;dxBarDBNavRS24;StackRoundShape;DBXOdbcDriver;FireDACTDataDriver;FMXTee;dxPScxExtCommonRS24;dxPSdxLCLnkRS24;soaprtl;DbxCommonDriver;htmlreports_xe101;NxGridRun_xe2;NxSheetRun_xe2;xmlrtl;soapmidas;DataSnapNativeClient;fmxobj;GR32_R;rtl;EhLibIBXDataDrivers240;DbxClientDriver;cxGridRS24;DBXSybaseASADriver;EhLibDBXDataDrivers240;htmleditfm_xe101;NxCollection6Run_d10_1;dxSpellCheckerRS24;cxLibraryRS24;lmdrtprint;appanalytics;lmdrtdocking;NxGrid6Run_d10_1;dxDBXServerModeRS24;dxSkinsCoreRS24;IndyIPClient;dxMapControlRS24;bindcompvcl;lmdrtsyntax;dxPSdxMapControlLnkRS24;TeeUI;frxe24;RVDBPkgD10_1;dxPsPrVwAdvRS24;VclSmp;lmdrttxtdb;cxSchedulerRibbonStyleEventEditorRS24;FireDACODBCDriver;dxRichEditDocumentModelRS24;StyleControls_dxe101Berlin;DataSnapIndy10ServerTransport;AsSearchBox;NxInspectorRun_xe2;dxPSPrVwRibbonRS24;lmdrtscriptimp;DataSnapProviderClient;FireDACMongoDBDriver;RVIndyD10_1;lmdrtshell;lmdrtstorage;dxdborRS24;Berlin101;dxHttpIndyRequestRS24;DataSnapServerMidas;RESTComponents;lmdrtweb;lmdrtsearch;dxmdsRS24;DBXInterBaseDriver;NxLayout6Run_d10_1;clinetsuitedX101;cxSchedulerGridRS24;cxPivotGridRS24;AsTidy;EhLibADODataDrivers240;emsclientfiredac;DataSnapFireDAC;svnui;HDDInfopkg_Berlin;lmdrtl;dxdbtrRS24;dxPScxPCProdRS24;DBXMSSQLDriver;RvXmlD10_1;DatasnapConnectorsFreePascal;unidacfmx240;dxWizardControlRS24;lmdrtbar;bindcompfmx;dxPSdxOCLnkRS24;lmdrteldb;DBXOracleDriver;unidacvcl240;dxPSdxFCLnkRS24;inetdb;TwainVCLD;htmleditcore_xe101;RVMediaD10_1;cxSchedulerTreeBrowserRS24;dxBarExtDBItemsRS24;NxInspector6Dsgn_d10_1;FmxTeeUI;emsedge;unidac240;FireDACIBDriver;fmx;fmxdae;vclAbsDBd24;dbexpress;IndyCore;lmdrtdesign;OrpheusDBDR;dxSpreadSheetCoreRS24;NxCollectionRun_xe2;NxCollectionDsgn_xe2;dsnap;DataSnapCommon;emsclient;lmdrtrtlx;FireDACCommon;RVPkgD10_1;RVMathD10_1;lmdrtgrid;dxTileControlRS24;dxPSdxSpreadSheetLnkRS24;lmdrtelcore;DataSnapConnectors;NxStandard6Run_d10_1;anoirsoftRoundPano;soapserver;dac240;dxBarRS24;lmdrtinspector;lmdrtfx;FireDACOracleDriver;DBXMySQLDriver;PKIEDB24;AnoirsoftCpnt;dxPSRichEditControlLnkRS24;DBXFirebirdDriver;dxPScxCommonRS24;lmdrtsearchdb;FireDACCommonODBC;FireDACCommonDriver;dxPSdxPDFViewerLnkRS24;inet;IndyIPCommon;vcl;dxPSdxDBOCLnkRS24;FireDACDb2Driver;acntDX10Berlin_R;lmdrtsys;htmlcompfm_xe101;dBerlin101;TeeDB;FireDAC;nrcommd24;FireDACSqliteDriver;FireDACPgDriver;ibmonitor;FireDACASADriver;ChromeTabs_R;dxServerModeRS24;ibxpress;Tee;dacvcl240;DataSnapServer;ibxbindings;MlSkinVCLBerlin;dxRichEditCoreRS24;lmdrtrtfdb;vclwinx;FireDACDSDriver;htmledit_xe101;lmdrtscript;cxSchedulerRS24;berlinlistboxanoir;NxCommonRun_xe2;frxTee24;CustomIPTransport;vcldsnap;EhLib240;dxPSCoreRS24;dxSpreadSheetCoreDialogsRS24;dxRibbonCustomizationFormRS24;bindcomp;NxInspector6Run_d10_1;AsFRMStylerXE101;DBXInformixDriver;tmswizdXE10;dxorgcRS24;dxPDFViewerRS24;NxGridDsgn_xe2;dxRichEditControlRS24;dbxcds;adortl;NxCollection6Dsgn_d10_1;dxComnRS24;dxFireDACEMFRS24;dxFlowChartRS24;frxDB24;cxVerticalGridRS24;NxStandard6Dsgn_d10_1;dsnapxml;RVASpellPkgD10_1;dbrtl;inetdbxpress;IndyProtocols;dxGaugeControlRS24;AsSearchBoxDsgn;dxFlowChartDesignerRS24;tmsdXE10;lmdrtcore;$(DCC_UsePackage)</DCC_UsePackage>
        <BT_BuildType>Debug</BT_BuildType>
        <VerInfo_Keys>CompanyName=;FileDescription=$(MSBuildProjectName);FileVersion=1.0.0.0;InternalName=;LegalCopyright=;LegalTrademarks=;OriginalFilename=;ProgramID=com.embarcadero.$(MSBuildProjectName);ProductName=$(MSBuildProjectName);ProductVersion=1.0.0.0;Comments=</VerInfo_Keys>
    </PropertyGroup>
    <PropertyGroup Condition="'$(Base_Win64)'!=''">
        <DCC_UsePackage>DBXSqliteDriver;fmxase;dxFlowChartAdvancedCustomizeFormRS24;DBXDb2Driver;dxPSdxGaugeControlLnkRS24;vclactnband;dxSpreadSheetRS24;vclFireDAC;dxDockingRS24;tethering;lmdrtplugin;dxBarExtItemsRS24;FireDACADSDriver;dxFireDACServerModeRS24;OrpheusDR;FireDACMSSQLDriver;vcltouch;vcldb;lmdrtchartdb;Intraweb;asDropDownForm;dxADOServerModeRS24;dxGDIPlusRS24;lmdrtdialog;vclib;lmdrttools;dxPSdxDBTVLnkRS24;lmdrtrtf;FireDACDBXDriver;tmsexdXE10;vclx;lmdrtelpro;lmdrtthemes;lmdrtide;dxNavBarRS24;cxTreeListRS24;dxtrmdRS24;dxRichEditControlCoreRS24;RESTBackendComponents;NxInspectorDsgn_xe2;dxRibbonRS24;VCLRESTComponents;cxExportRS24;cxTreeListdxBarPopupMenuRS24;cxPivotGridChartRS24;dxTabbedMDIRS24;vclie;bindengine;CloudService;dxADOEMFRS24;FireDACMySQLDriver;cxPivotGridOLAPRS24;DataSnapClient;dxPSLnksRS24;bindcompdbx;DBXSybaseASEDriver;IndyIPServer;lmdrttoolsdb;IndySystem;dxCoreRS24;dsnapcon;VirtualTreesR;dxEMFRS24;FireDACMSAccDriver;fmxFireDAC;FireDACInfxDriver;vclimg;lmdrtchart;dclAbsDBd24;lmdrttxt;emshosting;NxCommonDsgn_xe2;dxBarDBNavRS24;DBXOdbcDriver;FireDACTDataDriver;FMXTee;dxPScxExtCommonRS24;dxPSdxLCLnkRS24;soaprtl;DbxCommonDriver;NxGridRun_xe2;NxSheetRun_xe2;xmlrtl;soapmidas;DataSnapNativeClient;fmxobj;rtl;EhLibIBXDataDrivers240;DbxClientDriver;cxGridRS24;DBXSybaseASADriver;EhLibDBXDataDrivers240;dxSpellCheckerRS24;cxLibraryRS24;lmdrtprint;appanalytics;lmdrtdocking;dxDBXServerModeRS24;dxSkinsCoreRS24;IndyIPClient;dxMapControlRS24;bindcompvcl;lmdrtsyntax;dxPSdxMapControlLnkRS24;TeeUI;dxPsPrVwAdvRS24;VclSmp;lmdrttxtdb;cxSchedulerRibbonStyleEventEditorRS24;FireDACODBCDriver;dxRichEditDocumentModelRS24;StyleControls_dxe101Berlin;DataSnapIndy10ServerTransport;NxInspectorRun_xe2;dxPSPrVwRibbonRS24;lmdrtscriptimp;DataSnapProviderClient;FireDACMongoDBDriver;lmdrtshell;lmdrtstorage;dxdborRS24;dxHttpIndyRequestRS24;DataSnapServerMidas;RESTComponents;lmdrtweb;lmdrtsearch;dxmdsRS24;DBXInterBaseDriver;clinetsuitedX101;cxSchedulerGridRS24;cxPivotGridRS24;EhLibADODataDrivers240;emsclientfiredac;DataSnapFireDAC;lmdrtl;dxdbtrRS24;dxPScxPCProdRS24;DBXMSSQLDriver;DatasnapConnectorsFreePascal;dxWizardControlRS24;lmdrtbar;bindcompfmx;dxPSdxOCLnkRS24;lmdrteldb;DBXOracleDriver;dxPSdxFCLnkRS24;inetdb;RVMediaD10_1;cxSchedulerTreeBrowserRS24;dxBarExtDBItemsRS24;FmxTeeUI;emsedge;FireDACIBDriver;fmx;fmxdae;vclAbsDBd24;dbexpress;IndyCore;lmdrtdesign;OrpheusDBDR;dxSpreadSheetCoreRS24;NxCollectionRun_xe2;NxCollectionDsgn_xe2;dsnap;DataSnapCommon;emsclient;lmdrtrtlx;FireDACCommon;lmdrtgrid;dxTileControlRS24;dxPSdxSpreadSheetLnkRS24;lmdrtelcore;DataSnapConnectors;soapserver;dxBarRS24;lmdrtinspector;lmdrtfx;FireDACOracleDriver;DBXMySQLDriver;dxPSRichEditControlLnkRS24;DBXFirebirdDriver;dxPScxCommonRS24;lmdrtsearchdb;FireDACCommonODBC;FireDACCommonDriver;dxPSdxPDFViewerLnkRS24;inet;IndyIPCommon;vcl;dxPSdxDBOCLnkRS24;FireDACDb2Driver;lmdrtsys;TeeDB;FireDAC;nrcommd24;FireDACSqliteDriver;FireDACPgDriver;ibmonitor;FireDACASADriver;ChromeTabs_R;dxServerModeRS24;ibxpress;Tee;DataSnapServer;ibxbindings;MlSkinVCLBerlin;dxRichEditCoreRS24;lmdrtrtfdb;vclwinx;FireDACDSDriver;lmdrtscript;cxSchedulerRS24;NxCommonRun_xe2;CustomIPTransport;vcldsnap;EhLib240;dxPSCoreRS24;dxSpreadSheetCoreDialogsRS24;dxRibbonCustomizationFormRS24;bindcomp;DBXInformixDriver;dxorgcRS24;dxPDFViewerRS24;NxGridDsgn_xe2;dxRichEditControlRS24;dbxcds;adortl;dxComnRS24;dxFireDACEMFRS24;dxFlowChartRS24;cxVerticalGridRS24;dsnapxml;dbrtl;inetdbxpress;IndyProtocols;dxGaugeControlRS24;dxFlowChartDesignerRS24;tmsdXE10;lmdrtcore;$(DCC_UsePackage)</DCC_UsePackage>
    </PropertyGroup>
    <PropertyGroup Condition="'$(Cfg_1)'!=''">
        <DCC_Define>DEBUG;$(DCC_Define)</DCC_Define>
        <DCC_DebugDCUs>true</DCC_DebugDCUs>
        <DCC_Optimize>false</DCC_Optimize>
        <DCC_GenerateStackFrames>true</DCC_GenerateStackFrames>
        <DCC_DebugInfoInExe>true</DCC_DebugInfoInExe>
        <DCC_RemoteDebug>true</DCC_RemoteDebug>
    </PropertyGroup>
    <PropertyGroup Condition="'$(Cfg_1_Win32)'!=''">
        <VerInfo_Locale>1033</VerInfo_Locale>
        <AppEnableRuntimeThemes>true</AppEnableRuntimeThemes>
        <VerInfo_IncludeVerInfo>true</VerInfo_IncludeVerInfo>
        <AppEnableHighDPI>true</AppEnableHighDPI>
        <DCC_RemoteDebug>false</DCC_RemoteDebug>
    </PropertyGroup>
    <PropertyGroup Condition="'$(Cfg_2)'!=''">
        <DCC_LocalDebugSymbols>false</DCC_LocalDebugSymbols>
        <DCC_Define>RELEASE;$(DCC_Define)</DCC_Define>
        <DCC_SymbolReferenceInfo>0</DCC_SymbolReferenceInfo>
        <DCC_DebugInformation>0</DCC_DebugInformation>
    </PropertyGroup>
    <PropertyGroup Condition="'$(Cfg_2_Win32)'!=''">
        <AppEnableRuntimeThemes>true</AppEnableRuntimeThemes>
        <AppEnableHighDPI>true</AppEnableHighDPI>
    </PropertyGroup>
    <ItemGroup>
        <DelphiCompile Include="$(MainSource)">
            <MainSource>MainSource</MainSource>
        </DelphiCompile>
        <DCCReference Include="Unit1.pas">
            <Form>Form1</Form>
            <FormType>dfm</FormType>
        </DCCReference>
        <BuildConfiguration Include="Release">
            <Key>Cfg_2</Key>
            <CfgParent>Base</CfgParent>
        </BuildConfiguration>
        <BuildConfiguration Include="Base">
            <Key>Base</Key>
        </BuildConfiguration>
        <BuildConfiguration Include="Debug">
            <Key>Cfg_1</Key>
            <CfgParent>Base</CfgParent>
        </BuildConfiguration>
    </ItemGroup>
    <ProjectExtensions>
        <Borland.Personality>Delphi.Personality.12</Borland.Personality>
        <Borland.ProjectType>Application</Borland.ProjectType>
        <BorlandProject>
            <Delphi.Personality>
                <Source>
                    <Source Name="MainSource">Project1.dpr</Source>
                </Source>
                <Excluded_Packages>
                    <Excluded_Packages Name="C:\Users\Public\Documents\Embarcadero\Studio\18.0\Bpl\dcldxAuthorizationAgentsRS24.bpl">Authorization Agents for Web Services by Developer Express Inc.</Excluded_Packages>
                </Excluded_Packages>
            </Delphi.Personality>
            <Deployment Version="3">
                <DeployFile LocalName="Win32\Debug\Project1.exe" Configuration="Debug" Class="ProjectOutput">
                    <Platform Name="Win32">
                        <RemoteName>Project1.exe</RemoteName>
                        <Overwrite>true</Overwrite>
                    </Platform>
                </DeployFile>
                <DeployClass Name="DependencyModule">
                    <Platform Name="Win32">
                        <Operation>0</Operation>
                        <Extensions>.dll;.bpl</Extensions>
                    </Platform>
                    <Platform Name="iOSDevice64">
                        <Operation>1</Operation>
                        <Extensions>.dylib</Extensions>
                    </Platform>
                    <Platform Name="OSX32">
                        <RemoteDir>Contents\MacOS</RemoteDir>
                        <Operation>1</Operation>
                        <Extensions>.dylib</Extensions>
                    </Platform>
                    <Platform Name="iOSDevice32">
                        <Operation>1</Operation>
                        <Extensions>.dylib</Extensions>
                    </Platform>
                    <Platform Name="iOSSimulator">
                        <Operation>1</Operation>
                        <Extensions>.dylib</Extensions>
                    </Platform>
                </DeployClass>
                <DeployClass Name="ProjectOSXResource">
                    <Platform Name="OSX32">
                        <RemoteDir>Contents\Resources</RemoteDir>
                        <Operation>1</Operation>
                    </Platform>
                </DeployClass>
                <DeployClass Name="AndroidClassesDexFile">
                    <Platform Name="Android">
                        <RemoteDir>classes</RemoteDir>
                        <Operation>1</Operation>
                    </Platform>
                </DeployClass>
                <DeployClass Name="AdditionalDebugSymbols">
                    <Platform Name="Win32">
                        <RemoteDir>Contents\MacOS</RemoteDir>
                        <Operation>0</Operation>
                    </Platform>
                    <Platform Name="iOSSimulator">
                        <Operation>1</Operation>
                    </Platform>
                    <Platform Name="OSX32">
                        <RemoteDir>Contents\MacOS</RemoteDir>
                        <Operation>1</Operation>
                    </Platform>
                </DeployClass>
                <DeployClass Name="iPad_Launch768">
                    <Platform Name="iOSSimulator">
                        <Operation>1</Operation>
                    </Platform>
                    <Platform Name="iOSDevice64">
                        <Operation>1</Operation>
                    </Platform>
                    <Platform Name="iOSDevice32">
                        <Operation>1</Operation>
                    </Platform>
                </DeployClass>
                <DeployClass Name="Android_LauncherIcon144">
                    <Platform Name="Android">
                        <RemoteDir>res\drawable-xxhdpi</RemoteDir>
                        <Operation>1</Operation>
                    </Platform>
                </DeployClass>
                <DeployClass Name="AndroidLibnativeMipsFile">
                    <Platform Name="Android">
                        <RemoteDir>library\lib\mips</RemoteDir>
                        <Operation>1</Operation>
                    </Platform>
                </DeployClass>
                <DeployClass Required="true" Name="ProjectOutput">
                    <Platform Name="iOSDevice64">
                        <Operation>1</Operation>
                    </Platform>
                    <Platform Name="iOSDevice32">
                        <Operation>1</Operation>
                    </Platform>
                    <Platform Name="Win32">
                        <Operation>0</Operation>
                    </Platform>
                    <Platform Name="Linux64">
                        <Operation>1</Operation>
                    </Platform>
                    <Platform Name="OSX32">
                        <RemoteDir>Contents\MacOS</RemoteDir>
                        <Operation>1</Operation>
                    </Platform>
                    <Platform Name="Android">
                        <RemoteDir>library\lib\armeabi-v7a</RemoteDir>
                        <Operation>1</Operation>
                    </Platform>
                    <Platform Name="iOSSimulator">
                        <Operation>1</Operation>
                    </Platform>
                </DeployClass>
                <DeployClass Name="DependencyFramework">
                    <Platform Name="Win32">
                        <Operation>0</Operation>
                    </Platform>
                    <Platform Name="OSX32">
                        <RemoteDir>Contents\MacOS</RemoteDir>
                        <Operation>1</Operation>
                        <Extensions>.framework</Extensions>
                    </Platform>
                </DeployClass>
                <DeployClass Name="ProjectUWPManifest">
                    <Platform Name="Win32">
                        <Operation>1</Operation>
                    </Platform>
                    <Platform Name="Win64">
                        <Operation>1</Operation>
                    </Platform>
                </DeployClass>
                <DeployClass Name="iPhone_Launch640">
                    <Platform Name="iOSSimulator">
                        <Operation>1</Operation>
                    </Platform>
                    <Platform Name="iOSDevice64">
                        <Operation>1</Operation>
                    </Platform>
                    <Platform Name="iOSDevice32">
                        <Operation>1</Operation>
                    </Platform>
                </DeployClass>
                <DeployClass Name="iPad_Launch1024">
                    <Platform Name="iOSSimulator">
                        <Operation>1</Operation>
                    </Platform>
                    <Platform Name="iOSDevice64">
                        <Operation>1</Operation>
                    </Platform>
                    <Platform Name="iOSDevice32">
                        <Operation>1</Operation>
                    </Platform>
                </DeployClass>
                <DeployClass Name="ProjectiOSDeviceDebug">
                    <Platform Name="iOSDevice64">
                        <RemoteDir>..\$(PROJECTNAME).app.dSYM\Contents\Resources\DWARF</RemoteDir>
                        <Operation>1</Operation>
                    </Platform>
                    <Platform Name="iOSDevice32">
                        <RemoteDir>..\$(PROJECTNAME).app.dSYM\Contents\Resources\DWARF</RemoteDir>
                        <Operation>1</Operation>
                    </Platform>
                </DeployClass>
                <DeployClass Name="iPhone_Launch320">
                    <Platform Name="iOSSimulator">
                        <Operation>1</Operation>
                    </Platform>
                    <Platform Name="iOSDevice64">
                        <Operation>1</Operation>
                    </Platform>
                    <Platform Name="iOSDevice32">
                        <Operation>1</Operation>
                    </Platform>
                </DeployClass>
                <DeployClass Name="ProjectiOSInfoPList">
                    <Platform Name="iOSSimulator">
                        <Operation>1</Operation>
                    </Platform>
                    <Platform Name="iOSDevice64">
                        <Operation>1</Operation>
                    </Platform>
                    <Platform Name="iOSDevice32">
                        <Operation>1</Operation>
                    </Platform>
                </DeployClass>
                <DeployClass Name="AndroidLibnativeArmeabiFile">
                    <Platform Name="Android">
                        <RemoteDir>library\lib\armeabi</RemoteDir>
                        <Operation>1</Operation>
                    </Platform>
                </DeployClass>
                <DeployClass Name="DebugSymbols">
                    <Platform Name="Win32">
                        <Operation>0</Operation>
                    </Platform>
                    <Platform Name="iOSSimulator">
                        <Operation>1</Operation>
                    </Platform>
                    <Platform Name="OSX32">
                        <RemoteDir>Contents\MacOS</RemoteDir>
                        <Operation>1</Operation>
                    </Platform>
                </DeployClass>
                <DeployClass Name="iPad_Launch1536">
                    <Platform Name="iOSSimulator">
                        <Operation>1</Operation>
                    </Platform>
                    <Platform Name="iOSDevice64">
                        <Operation>1</Operation>
                    </Platform>
                    <Platform Name="iOSDevice32">
                        <Operation>1</Operation>
                    </Platform>
                </DeployClass>
                <DeployClass Name="Android_SplashImage470">
                    <Platform Name="Android">
                        <RemoteDir>res\drawable-normal</RemoteDir>
                        <Operation>1</Operation>
                    </Platform>
                </DeployClass>
                <DeployClass Name="Android_LauncherIcon96">
                    <Platform Name="Android">
                        <RemoteDir>res\drawable-xhdpi</RemoteDir>
                        <Operation>1</Operation>
                    </Platform>
                </DeployClass>
                <DeployClass Name="Android_SplashImage640">
                    <Platform Name="Android">
                        <RemoteDir>res\drawable-large</RemoteDir>
                        <Operation>1</Operation>
                    </Platform>
                </DeployClass>
                <DeployClass Name="iPhone_Launch640x1136">
                    <Platform Name="iOSSimulator">
                        <Operation>1</Operation>
                    </Platform>
                    <Platform Name="iOSDevice64">
                        <Operation>1</Operation>
                    </Platform>
                    <Platform Name="iOSDevice32">
                        <Operation>1</Operation>
                    </Platform>
                </DeployClass>
                <DeployClass Name="UWP_DelphiLogo44">
                    <Platform Name="Win32">
                        <RemoteDir>Assets</RemoteDir>
                        <Operation>1</Operation>
                    </Platform>
                    <Platform Name="Win64">
                        <RemoteDir>Assets</RemoteDir>
                        <Operation>1</Operation>
                    </Platform>
                </DeployClass>
                <DeployClass Name="ProjectiOSEntitlements">
                    <Platform Name="iOSDevice64">
                        <RemoteDir>..\</RemoteDir>
                        <Operation>1</Operation>
                    </Platform>
                    <Platform Name="iOSDevice32">
                        <RemoteDir>..\</RemoteDir>
                        <Operation>1</Operation>
                    </Platform>
                </DeployClass>
                <DeployClass Name="Android_LauncherIcon72">
                    <Platform Name="Android">
                        <RemoteDir>res\drawable-hdpi</RemoteDir>
                        <Operation>1</Operation>
                    </Platform>
                </DeployClass>
                <DeployClass Name="AndroidGDBServer">
                    <Platform Name="Android">
                        <RemoteDir>library\lib\armeabi-v7a</RemoteDir>
                        <Operation>1</Operation>
                    </Platform>
                </DeployClass>
                <DeployClass Name="ProjectOSXInfoPList">
                    <Platform Name="OSX32">
                        <RemoteDir>Contents</RemoteDir>
                        <Operation>1</Operation>
                    </Platform>
                </DeployClass>
                <DeployClass Name="ProjectOSXEntitlements">
                    <Platform Name="OSX32">
                        <RemoteDir>..\</RemoteDir>
                        <Operation>1</Operation>
                    </Platform>
                </DeployClass>
                <DeployClass Name="UWP_DelphiLogo150">
                    <Platform Name="Win32">
                        <RemoteDir>Assets</RemoteDir>
                        <Operation>1</Operation>
                    </Platform>
                    <Platform Name="Win64">
                        <RemoteDir>Assets</RemoteDir>
                        <Operation>1</Operation>
                    </Platform>
                </DeployClass>
                <DeployClass Name="iPad_Launch2048">
                    <Platform Name="iOSSimulator">
                        <Operation>1</Operation>
                    </Platform>
                    <Platform Name="iOSDevice64">
                        <Operation>1</Operation>
                    </Platform>
                    <Platform Name="iOSDevice32">
                        <Operation>1</Operation>
                    </Platform>
                </DeployClass>
                <DeployClass Name="AndroidSplashStyles">
                    <Platform Name="Android">
                        <RemoteDir>res\values</RemoteDir>
                        <Operation>1</Operation>
                    </Platform>
                </DeployClass>
                <DeployClass Name="Android_SplashImage426">
                    <Platform Name="Android">
                        <RemoteDir>res\drawable-small</RemoteDir>
                        <Operation>1</Operation>
                    </Platform>
                </DeployClass>
                <DeployClass Name="AndroidSplashImageDef">
                    <Platform Name="Android">
                        <RemoteDir>res\drawable</RemoteDir>
                        <Operation>1</Operation>
                    </Platform>
                </DeployClass>
                <DeployClass Name="ProjectiOSResource">
                    <Platform Name="iOSSimulator">
                        <Operation>1</Operation>
                    </Platform>
                    <Platform Name="iOSDevice64">
                        <Operation>1</Operation>
                    </Platform>
                    <Platform Name="iOSDevice32">
                        <Operation>1</Operation>
                    </Platform>
                </DeployClass>
                <DeployClass Name="ProjectAndroidManifest">
                    <Platform Name="Android">
                        <Operation>1</Operation>
                    </Platform>
                </DeployClass>
                <DeployClass Name="Android_DefaultAppIcon">
                    <Platform Name="Android">
                        <RemoteDir>res\drawable</RemoteDir>
                        <Operation>1</Operation>
                    </Platform>
                </DeployClass>
                <DeployClass Name="File">
                    <Platform Name="Win32">
                        <Operation>0</Operation>
                    </Platform>
                    <Platform Name="iOSDevice64">
                        <Operation>0</Operation>
                    </Platform>
                    <Platform Name="OSX32">
                        <RemoteDir>Contents\Resources\StartUp\</RemoteDir>
                        <Operation>0</Operation>
                    </Platform>
                    <Platform Name="iOSDevice32">
                        <Operation>0</Operation>
                    </Platform>
                    <Platform Name="Android">
                        <Operation>0</Operation>
                    </Platform>
                    <Platform Name="iOSSimulator">
                        <Operation>0</Operation>
                    </Platform>
                </DeployClass>
                <DeployClass Name="AndroidServiceOutput">
                    <Platform Name="Android">
                        <RemoteDir>library\lib\armeabi-v7a</RemoteDir>
                        <Operation>1</Operation>
                    </Platform>
                </DeployClass>
                <DeployClass Required="true" Name="DependencyPackage">
                    <Platform Name="Win32">
                        <Operation>0</Operation>
                        <Extensions>.bpl</Extensions>
                    </Platform>
                    <Platform Name="iOSDevice64">
                        <Operation>1</Operation>
                        <Extensions>.dylib</Extensions>
                    </Platform>
                    <Platform Name="OSX32">
                        <RemoteDir>Contents\MacOS</RemoteDir>
                        <Operation>1</Operation>
                        <Extensions>.dylib</Extensions>
                    </Platform>
                    <Platform Name="iOSDevice32">
                        <Operation>1</Operation>
                        <Extensions>.dylib</Extensions>
                    </Platform>
                    <Platform Name="iOSSimulator">
                        <Operation>1</Operation>
                        <Extensions>.dylib</Extensions>
                    </Platform>
                </DeployClass>
                <DeployClass Name="Android_LauncherIcon48">
                    <Platform Name="Android">
                        <RemoteDir>res\drawable-mdpi</RemoteDir>
                        <Operation>1</Operation>
                    </Platform>
                </DeployClass>
                <DeployClass Name="Android_SplashImage960">
                    <Platform Name="Android">
                        <RemoteDir>res\drawable-xlarge</RemoteDir>
                        <Operation>1</Operation>
                    </Platform>
                </DeployClass>
                <DeployClass Name="Android_LauncherIcon36">
                    <Platform Name="Android">
                        <RemoteDir>res\drawable-ldpi</RemoteDir>
                        <Operation>1</Operation>
                    </Platform>
                </DeployClass>
                <DeployClass Name="ProjectiOSDeviceResourceRules">
                    <Platform Name="iOSDevice64">
                        <Operation>1</Operation>
                    </Platform>
                    <Platform Name="iOSDevice32">
                        <Operation>1</Operation>
                    </Platform>
                </DeployClass>
                <ProjectRoot Platform="iOSDevice64" Name="$(PROJECTNAME).app"/>
                <ProjectRoot Platform="Win64" Name="$(PROJECTNAME)"/>
                <ProjectRoot Platform="iOSDevice32" Name="$(PROJECTNAME).app"/>
                <ProjectRoot Platform="Linux64" Name="$(PROJECTNAME)"/>
                <ProjectRoot Platform="Win32" Name="$(PROJECTNAME)"/>
                <ProjectRoot Platform="OSX32" Name="$(PROJECTNAME).app"/>
                <ProjectRoot Platform="Android" Name="$(PROJECTNAME)"/>
                <ProjectRoot Platform="iOSSimulator" Name="$(PROJECTNAME).app"/>
            </Deployment>
            <Platforms>
                <Platform value="Win32">True</Platform>
                <Platform value="Win64">False</Platform>
            </Platforms>
        </BorlandProject>
        <ProjectFileVersion>12</ProjectFileVersion>
    </ProjectExtensions>
    <Import Project="$(BDS)\Bin\CodeGear.Delphi.Targets" Condition="Exists('$(BDS)\Bin\CodeGear.Delphi.Targets')"/>
    <Import Project="$(APPDATA)\Embarcadero\$(BDSAPPDATABASEDIR)\$(PRODUCTVERSION)\UserTools.proj" Condition="Exists('$(APPDATA)\Embarcadero\$(BDSAPPDATABASEDIR)\$(PRODUCTVERSION)\UserTools.proj')"/>
    <Import Project="$(MSBuildProjectName).deployproj" Condition="Exists('$(MSBuildProjectName).deployproj')"/>
</Project>
